#!r6rs ; -*- mode: scheme; coding: utf-8 -*-
;; This file is automatically generated - do not change it by hand.
(import (akku format lockfile))
(projects
  ((name "thunderchez")
    (location
      (url "https://archive.akkuscm.org/archive/pkg/t/thunderchez_0.0.0-akku.121.9d6344a_repack.tar.xz"))
    (content
      (sha256
        "e4d9a15bee40aa661b1d250ad5d1bb190a7ae452bfa8655e27f97b3a214e518c"))))
